# This file is autogenerated, do not edit; changes may be undone by the next 'dep ensure'.


[[projects]]
  digest = "1:72fff13e105db55c6d4b1acb69216b88d9d3009433f43d7df3488f842b0b6929"
  name = "github.com/RoaringBitmap/roaring"
  packages = ["."]
  pruneopts = "UT"
  revision = "3d677d3262197ee558b85029301eb69b8239f91a"
  version = "v0.4.16"

[[projects]]
  branch = "master"
  digest = "1:64032380524ef4bdf370ed291ec02f0c129d540d91fac689bfb693ef203d73dd"
  name = "github.com/Smerity/govarint"
  packages = ["."]
  pruneopts = "UT"
  revision = "7265e41f48f15fd61751e16da866af3c704bb3ab"

[[projects]]
  branch = "master"
  digest = "1:ef5b0622d834c139454148b8fd0c92bb314828900532b267ae62da9fec109866"
  name = "github.com/armon/go-metrics"
  packages = ["."]
  pruneopts = "UT"
  revision = "f0300d1749da6fa982027e449ec0c7a145510c3c"

[[projects]]
  branch = "master"
  digest = "1:d6afaeed1502aa28e80a4ed0981d570ad91b2579193404256ce672ed0a609e0d"
  name = "github.com/beorn7/perks"
  packages = ["quantile"]
  pruneopts = "UT"
  revision = "3a771d992973f24aa725d07868b467d1ddfceafb"

[[projects]]
  digest = "1:733e3c953feba8de42398df3f6600aec4cb21034e92298e8059dd899a47cf63f"
  name = "github.com/blevesearch/bleve"
  packages = [
    ".",
    "analysis",
    "analysis/analyzer/custom",
    "analysis/analyzer/keyword",
    "analysis/analyzer/simple",
    "analysis/analyzer/standard",
    "analysis/analyzer/web",
    "analysis/char/html",
    "analysis/char/regexp",
    "analysis/char/zerowidthnonjoiner",
    "analysis/datetime/flexible",
    "analysis/datetime/optional",
    "analysis/lang/ar",
    "analysis/lang/bg",
    "analysis/lang/ca",
    "analysis/lang/cjk",
    "analysis/lang/ckb",
    "analysis/lang/cs",
    "analysis/lang/da",
    "analysis/lang/de",
    "analysis/lang/el",
    "analysis/lang/en",
    "analysis/lang/es",
    "analysis/lang/eu",
    "analysis/lang/fa",
    "analysis/lang/fi",
    "analysis/lang/fr",
    "analysis/lang/ga",
    "analysis/lang/gl",
    "analysis/lang/hi",
    "analysis/lang/hu",
    "analysis/lang/hy",
    "analysis/lang/id",
    "analysis/lang/in",
    "analysis/lang/it",
    "analysis/lang/nl",
    "analysis/lang/no",
    "analysis/lang/pt",
    "analysis/lang/ro",
    "analysis/lang/ru",
    "analysis/lang/sv",
    "analysis/lang/tr",
    "analysis/token/apostrophe",
    "analysis/token/compound",
    "analysis/token/edgengram",
    "analysis/token/elision",
    "analysis/token/keyword",
    "analysis/token/length",
    "analysis/token/lowercase",
    "analysis/token/ngram",
    "analysis/token/porter",
    "analysis/token/shingle",
    "analysis/token/stop",
    "analysis/token/truncate",
    "analysis/token/unicodenorm",
    "analysis/tokenizer/character",
    "analysis/tokenizer/exception",
    "analysis/tokenizer/letter",
    "analysis/tokenizer/regexp",
    "analysis/tokenizer/single",
    "analysis/tokenizer/unicode",
    "analysis/tokenizer/web",
    "analysis/tokenizer/whitespace",
    "analysis/tokenmap",
    "config",
    "document",
    "geo",
    "index",
    "index/scorch",
    "index/scorch/mergeplan",
    "index/scorch/segment",
    "index/scorch/segment/mem",
    "index/scorch/segment/zap",
    "index/store",
    "index/store/boltdb",
    "index/store/goleveldb",
    "index/store/gtreap",
    "index/store/moss",
    "index/upsidedown",
    "mapping",
    "numeric",
    "registry",
    "search",
    "search/collector",
    "search/facet",
    "search/highlight",
    "search/highlight/format/ansi",
    "search/highlight/format/html",
    "search/highlight/fragmenter/simple",
    "search/highlight/highlighter/ansi",
    "search/highlight/highlighter/html",
    "search/highlight/highlighter/simple",
    "search/query",
    "search/scorer",
    "search/searcher",
  ]
  pruneopts = "UT"
  revision = "1a319cdf5bf77dc8cee35a6b99f908792c2547ef"
  version = "v0.7.0"

[[projects]]
  branch = "master"
  digest = "1:d37ef9b2ae2eac93a48a9de2e45a833053389f29c19dbdfe7a91051767b1138e"
  name = "github.com/blevesearch/blevex"
  packages = [
    "cznicb",
    "detectlang",
    "icu",
    "lang/da",
    "lang/de",
    "lang/en",
    "lang/es",
    "lang/fi",
    "lang/fr",
    "lang/hu",
    "lang/it",
    "lang/ja",
    "lang/nl",
    "lang/no",
    "lang/pt",
    "lang/ro",
    "lang/ru",
    "lang/sv",
    "lang/th",
    "lang/tr",
    "leveldb",
    "rocksdb",
    "stemmer",
  ]
  pruneopts = "UT"
  revision = "4b158bb555a3297565afecf6fae675c74f1e47df"

[[projects]]
  branch = "master"
  digest = "1:7f967b858b904ae57b98450d712204afc88d565588f57a271157e8fce3899d35"
  name = "github.com/blevesearch/cld2"
  packages = ["."]
  pruneopts = "UT"
  revision = "10f17c049ec9b2c706118870a0f580a370217a65"

[[projects]]
  branch = "master"
  digest = "1:d9acc55e5a09863e9ae556c3e28f3703e94a3fc50a5a8b8dcb4bb02f913541c9"
  name = "github.com/blevesearch/go-porterstemmer"
  packages = ["."]
  pruneopts = "UT"
  revision = "23a2c8e5cf1f380f27722c6d2ae8896431dc7d0e"

[[projects]]
  digest = "1:15330cc03ff3465f79883a77312e65137fb79e0a4faef446d2dc6b8f71d54c42"
  name = "github.com/blevesearch/segment"
  packages = ["."]
  pruneopts = "UT"
  revision = "db70c57796cc8c310613541dfade3dce627d09c7"

[[projects]]
  branch = "master"
  digest = "1:55bc709a1e89c2fa8cd7fb70221004623f264833e7e28ec1cdce010820a1a421"
  name = "github.com/blevesearch/snowballstem"
  packages = [
    ".",
    "danish",
    "dutch",
    "finnish",
    "hungarian",
    "norwegian",
    "romanian",
    "russian",
    "swedish",
    "turkish",
  ]
  pruneopts = "UT"
  revision = "26b06a2c243d4f8ca5db3486f94409dd5b2a7467"

[[projects]]
  digest = "1:0f98f59e9a2f4070d66f0c9c39561f68fcd1dc837b22a852d28d0003aebd1b1e"
  name = "github.com/boltdb/bolt"
  packages = ["."]
  pruneopts = "UT"
  revision = "2f1ce7a837dcb8da3ec595b1dac9d0632f0f99e8"
  version = "v1.3.1"

[[projects]]
  branch = "master"
  digest = "1:459d3c6f3e4174f186f77c217de2840eb28a553d2f3562f8d90734f155fa4ff3"
  name = "github.com/couchbase/ghistogram"
  packages = ["."]
  pruneopts = "UT"
  revision = "d910dd063dd68fb4d2a1ba344440f834ebb4ef62"

[[projects]]
  branch = "master"
  digest = "1:424cdd6e3c6e18f90012e6127f3dc23589fadc55452a7816eff5d5b2bbec6082"
  name = "github.com/couchbase/moss"
  packages = ["."]
  pruneopts = "UT"
  revision = "956632ec1bc3e28276d00ee2f22c3202f06efb12"

[[projects]]
  branch = "master"
  digest = "1:c4ed88fa46531028ee2d193a324a61c96928197c6e18b41eb3507870327cdaa2"
  name = "github.com/couchbase/vellum"
  packages = [
    ".",
    "regexp",
    "utf8",
  ]
  pruneopts = "UT"
  revision = "01d5c56e609533acd717717c8acc0d2dea6bfb89"

[[projects]]
  branch = "master"
  digest = "1:8645cabc6639b91c91275cc8b78cc34d30d1394146f713e0342e2b746f5121a9"
  name = "github.com/cznic/b"
  packages = ["."]
  pruneopts = "UT"
  revision = "a26611c4d92dc9181cdb5e8d67fb712700fcd4a3"

[[projects]]
  branch = "master"
  digest = "1:67d0b50be0549e610017cb91e0b0b745ec0cad7c613bc8e18ff2d1c1fc8825a7"
  name = "github.com/edsrzf/mmap-go"
  packages = ["."]
  pruneopts = "UT"
  revision = "0bce6a6887123b67a60366d2c9fe2dfb74289d2e"

[[projects]]
  branch = "master"
  digest = "1:981722e5ee549ef844285c2b370c19e58b7dc30bc19ba3537f3df284b551b54a"
  name = "github.com/glycerine/go-unsnap-stream"
  packages = ["."]
  pruneopts = "UT"
  revision = "9f0cb55181dd3a0a4c168d3dbc72d4aca4853126"

[[projects]]
  digest = "1:13c0df370984bb29f3045ae745483ed3938984cb50cde00ed2c1b53c403fe65d"
  name = "github.com/golang/protobuf"
  packages = [
    "jsonpb",
    "proto",
    "ptypes",
    "ptypes/any",
    "ptypes/duration",
    "ptypes/empty",
    "ptypes/struct",
    "ptypes/timestamp",
  ]
  pruneopts = "UT"
  revision = "aa810b61a9c79d51363740d207bb46cf8e620ed5"
  version = "v1.2.0"

[[projects]]
  digest = "1:ffcba3b8daaaa29dd382bf24b62c5fce691de087a03dde25ed03b1dd02b8c6a8"
  name = "github.com/golang/snappy"
  packages = ["."]
  pruneopts = "UT"
  revision = "cef980a12b316c5b7e5bb3a8e168eb43ae999a88"

[[projects]]
  digest = "1:c79fb010be38a59d657c48c6ba1d003a8aa651fa56b579d959d74573b7dff8e1"
  name = "github.com/gorilla/context"
  packages = ["."]
  pruneopts = "UT"
  revision = "08b5f424b9271eedf6f9f0ce86cb9396ed337a42"
  version = "v1.1.1"

[[projects]]
  digest = "1:e73f5b0152105f18bc131fba127d9949305c8693f8a762588a82a48f61756f5f"
  name = "github.com/gorilla/mux"
  packages = ["."]
  pruneopts = "UT"
  revision = "e3702bed27f0d39777b0b37b664b6280e8ef8fbf"
  version = "v1.6.2"

[[projects]]
  digest = "1:2be5a35f0c5b35162c41bb24971e5dcf6ce825403296ee435429cdcc4e1e847e"
  name = "github.com/hashicorp/go-immutable-radix"
  packages = ["."]
  pruneopts = "UT"
  revision = "27df80928bb34bb1b0d6d0e01b9e679902e7a6b5"
  version = "v1.0.0"

[[projects]]
  branch = "master"
  digest = "1:b8ba23b0b493e601d5ebaf21079bd3433eb304a5d73c0fb40b8aea526e94f46b"
  name = "github.com/hashicorp/go-msgpack"
  packages = ["codec"]
  pruneopts = "UT"
  revision = "fa3f63826f7c23912c15263591e65d54d080b458"

[[projects]]
  digest = "1:67474f760e9ac3799f740db2c489e6423a4cde45520673ec123ac831ad849cb8"
  name = "github.com/hashicorp/golang-lru"
  packages = ["simplelru"]
  pruneopts = "UT"
  revision = "20f1fb78b0740ba8c3cb143a61e86ba5c8669768"
  version = "v0.5.0"

[[projects]]
  digest = "1:16ae35b3a854c667baaf55ff5d455c486f7c2baf040a2727f2ef0e4b096b2a95"
  name = "github.com/hashicorp/logutils"
  packages = ["."]
  pruneopts = "UT"
  revision = "a335183dfd075f638afcc820c90591ca3c97eba6"
  version = "v1.0.0"

[[projects]]
  digest = "1:56f26733346010e935b1ddb0e1ffa00bb054133b3ddb3f481261d27a7ae914df"
  name = "github.com/hashicorp/raft"
  packages = ["."]
  pruneopts = "UT"
  revision = "6d14f0c70869faabd9e60ba7ed88a6cbbd6a661f"
  version = "v1.0.0"

[[projects]]
  branch = "master"
  digest = "1:ea66d77e9dd87e3b56355f8d9be5f551e8e44cbacc8b43114bd5acaece0b966e"
  name = "github.com/hashicorp/raft-boltdb"
  packages = ["."]
  pruneopts = "UT"
  revision = "6e5ba93211eaf8d9a2ad7e41ffad8c6f160f9fe3"

[[projects]]
  branch = "master"
  digest = "1:783bd5a83c069c6ed51ade3fd1518bf5881dcd0920132571ff591163a1847fd0"
  name = "github.com/ikawaha/kagome.ipadic"
  packages = [
    "internal/da",
    "internal/dic",
    "internal/dic/data",
    "internal/lattice",
    "tokenizer",
  ]
  pruneopts = "UT"
  revision = "dd3ae0544a806f4d39df5a70f46494adb3fbbfa2"

[[projects]]
  branch = "master"
  digest = "1:39b27d1381a30421f9813967a5866fba35dc1d4df43a6eefe3b7a5444cb07214"
  name = "github.com/jmhodges/levigo"
  packages = ["."]
  pruneopts = "UT"
  revision = "c42d9e0ca023e2198120196f842701bb4c55d7b9"

[[projects]]
  branch = "master"
  digest = "1:284b8b665aa7939476ed652dfc9a43895228dafe16f809f9971426b417043c32"
  name = "github.com/mash/go-accesslog"
  packages = ["."]
  pruneopts = "UT"
  revision = "610c2be042175cc8a71aed9230c058b1d15c5d61"

[[projects]]
  digest = "1:ff5ebae34cfbf047d505ee150de27e60570e8c394b3b8fdbb720ff6ac71985fc"
  name = "github.com/matttproud/golang_protobuf_extensions"
  packages = ["pbutil"]
  pruneopts = "UT"
  revision = "c12348ce28de40eed0136aa2b644d0ee0650e56c"
  version = "v1.0.1"

[[projects]]
  branch = "master"
  digest = "1:c22fdadfe2de0e1df75987cac34f1c721157dc24f180c76b4ef66a3c9637a799"
  name = "github.com/mschoch/smat"
  packages = ["."]
  pruneopts = "UT"
  revision = "90eadee771aeab36e8bf796039b8c261bebebe4f"

[[projects]]
  digest = "1:c805e517269b0ba4c21ded5836019ed7d16953d4026cb7d00041d039c7906be9"
  name = "github.com/natefinch/lumberjack"
  packages = ["."]
  pruneopts = "UT"
  revision = "a96e63847dc3c67d17befa69c303767e2f84e54f"
  version = "v2.1"

[[projects]]
  digest = "1:5e73b34a27d827212102605789de00bd411b2e434812133c83935fe9897c75e1"
  name = "github.com/philhofer/fwd"
  packages = ["."]
  pruneopts = "UT"
  revision = "bb6d471dc95d4fe11e432687f8b70ff496cf3136"
  version = "v1.0.0"

[[projects]]
  digest = "1:40e195917a951a8bf867cd05de2a46aaf1806c50cf92eebf4c16f78cd196f747"
  name = "github.com/pkg/errors"
  packages = ["."]
  pruneopts = "UT"
  revision = "645ef00459ed84a119197bfb8d8205042c6df63d"
  version = "v0.8.0"

[[projects]]
  digest = "1:26663fafdea73a38075b07e8e9d82fc0056379d2be8bb4e13899e8fda7c7dd23"
  name = "github.com/prometheus/client_golang"
  packages = [
    "prometheus",
    "prometheus/internal",
    "prometheus/promhttp",
  ]
  pruneopts = "UT"
  revision = "abad2d1bd44235a26707c172eab6bca5bf2dbad3"
  version = "v0.9.1"

[[projects]]
  branch = "master"
  digest = "1:2d5cd61daa5565187e1d96bae64dbbc6080dacf741448e9629c64fd93203b0d4"
  name = "github.com/prometheus/client_model"
  packages = ["go"]
  pruneopts = "UT"
  revision = "5c3871d89910bfb32f5fcab2aa4b9ec68e65a99f"

[[projects]]
  branch = "master"
  digest = "1:db712fde5d12d6cdbdf14b777f0c230f4ff5ab0be8e35b239fc319953ed577a4"
  name = "github.com/prometheus/common"
  packages = [
    "expfmt",
    "internal/bitbucket.org/ww/goautoneg",
    "model",
  ]
  pruneopts = "UT"
  revision = "4724e9255275ce38f7179b2478abeae4e28c904f"

[[projects]]
  branch = "master"
  digest = "1:ef74914912f99c79434d9c09658274678bc85080ebe3ab32bec3940ebce5e1fc"
  name = "github.com/prometheus/procfs"
  packages = [
    ".",
    "internal/util",
    "nfs",
    "xfs",
  ]
  pruneopts = "UT"
  revision = "619930b0b4713cc1280189bf0a4c54b3fb506f60"

[[projects]]
  branch = "master"
  digest = "1:970bd01f655c6e4cf6d335aadded53eca531d3d856f7de61eebe6fc253552b49"
  name = "github.com/steveyen/gtreap"
  packages = ["."]
  pruneopts = "UT"
  revision = "0abe01ef9be25c4aedc174758ec2d917314d6d70"

[[projects]]
  digest = "1:fdefb79c81d0b05a92b9050d6a505febd23dd9e8673a572ac8b0bcfe8bec2c77"
  name = "github.com/syndtr/goleveldb"
  packages = [
    "leveldb",
    "leveldb/cache",
    "leveldb/comparer",
    "leveldb/errors",
    "leveldb/filter",
    "leveldb/iterator",
    "leveldb/journal",
    "leveldb/memdb",
    "leveldb/opt",
    "leveldb/storage",
    "leveldb/table",
    "leveldb/util",
  ]
  pruneopts = "UT"
  revision = "93fc893f2dadb96ffde441c7546cc67ea290a3a8"

[[projects]]
  digest = "1:24d65a0eda6e6782342ef0e1342be63589d226bfe9fa98f323dbc77fb0671a48"
  name = "github.com/tebeka/snowball"
  packages = ["."]
  pruneopts = "UT"
  revision = "16e884df4e19660c5d3f61cf70d4a38c9eb1bae4"
  version = "0.2.0"

[[projects]]
  branch = "master"
  digest = "1:1e38f591bdbaa29feb1ae8f05822307ff1f36c5a06f439477c424b1c749db5ed"
  name = "github.com/tecbot/gorocksdb"
  packages = ["."]
  pruneopts = "UT"
  revision = "8752a943348155073ae407010e2b75c40480271a"

[[projects]]
  digest = "1:eaa6698f44de8f2977e93c9b946e60a8af75f565058658aad2df8032b55c84e5"
  name = "github.com/tinylib/msgp"
  packages = ["msgp"]
  pruneopts = "UT"
  revision = "b2b6a672cf1e5b90748f79b8b81fc8c5cf0571a1"
  version = "1.0.2"

[[projects]]
  digest = "1:b24d38b282bacf9791408a080f606370efa3d364e4b5fd9ba0f7b87786d3b679"
  name = "github.com/urfave/cli"
  packages = ["."]
  pruneopts = "UT"
  revision = "cfb38830724cc34fedffe9a2a29fb54fa9169cd1"
  version = "v1.20.0"

[[projects]]
  digest = "1:d2c8dd8f55e12af5172aa0586bfee35313dd5854a0b2c8684f3e79d24f982143"
  name = "github.com/willf/bitset"
  packages = ["."]
  pruneopts = "UT"
  revision = "2e6e8094ef4745224150c88c16191c7dceaad16f"

[[projects]]
  branch = "master"
  digest = "1:6ca51c5d8a610b3da56856df7a8f8f3e075eba8d5f7a4acbadd79b2d2a368054"
  name = "golang.org/x/net"
  packages = [
    "context",
    "http/httpguts",
    "http2",
    "http2/hpack",
    "idna",
    "internal/timeseries",
    "trace",
  ]
  pruneopts = "UT"
  revision = "adae6a3d119ae4890b46832a2e88a95adc62b8e7"

[[projects]]
  branch = "master"
  digest = "1:225564f71149334315118db714e1ea87513e4a11cf4acb27e26bc7577cebfa0b"
  name = "golang.org/x/sys"
  packages = ["unix"]
  pruneopts = "UT"
  revision = "62eef0e2fa9b2c385f7b2778e763486da6880d37"

[[projects]]
  digest = "1:a2ab62866c75542dd18d2b069fec854577a20211d7c0ea6ae746072a1dccdd18"
  name = "golang.org/x/text"
  packages = [
    "collate",
    "collate/build",
    "internal/colltab",
    "internal/gen",
    "internal/tag",
    "internal/triegen",
    "internal/ucd",
    "language",
    "secure/bidirule",
    "transform",
    "unicode/bidi",
    "unicode/cldr",
    "unicode/norm",
    "unicode/rangetable",
  ]
  pruneopts = "UT"
  revision = "f21a4dfb5e38f5895301dc265a8def02365cc3d0"
  version = "v0.3.0"

[[projects]]
  branch = "master"
  digest = "1:56b0bca90b7e5d1facf5fbdacba23e4e0ce069d25381b8e2f70ef1e7ebfb9c1a"
  name = "google.golang.org/genproto"
  packages = ["googleapis/rpc/status"]
  pruneopts = "UT"
  revision = "b5d43981345bdb2c233eb4bf3277847b48c6fdc6"

[[projects]]
  branch = "master"
  digest = "1:381f2232bbfaed4c60c69e5cf5455bbb0662d4517d70bf029c766b8739a84499"
  name = "google.golang.org/grpc"
  packages = [
    ".",
    "balancer",
    "balancer/base",
    "balancer/roundrobin",
    "binarylog/grpc_binarylog_v1",
    "codes",
    "connectivity",
    "credentials",
    "credentials/internal",
    "encoding",
    "encoding/proto",
    "grpclog",
    "internal",
    "internal/backoff",
    "internal/binarylog",
    "internal/channelz",
    "internal/envconfig",
    "internal/grpcrand",
    "internal/grpcsync",
    "internal/syscall",
    "internal/transport",
    "keepalive",
    "metadata",
    "naming",
    "peer",
    "resolver",
    "resolver/dns",
    "resolver/passthrough",
    "stats",
    "status",
    "tap",
  ]
  pruneopts = "UT"
  revision = "f3eb5bc06e940f09d5ab876c749c489d43cfbf1d"

[solve-meta]
  analyzer-name = "dep"
  analyzer-version = 1
  input-imports = [
    "github.com/blevesearch/bleve",
    "github.com/blevesearch/bleve/config",
    "github.com/blevesearch/bleve/index/store/boltdb",
    "github.com/blevesearch/bleve/index/upsidedown",
    "github.com/blevesearch/bleve/mapping",
    "github.com/boltdb/bolt",
    "github.com/golang/protobuf/jsonpb",
    "github.com/golang/protobuf/proto",
    "github.com/golang/protobuf/ptypes/any",
    "github.com/golang/protobuf/ptypes/empty",
    "github.com/gorilla/mux",
    "github.com/hashicorp/logutils",
    "github.com/hashicorp/raft",
    "github.com/hashicorp/raft-boltdb",
    "github.com/mash/go-accesslog",
    "github.com/natefinch/lumberjack",
    "github.com/pkg/errors",
    "github.com/prometheus/client_golang/prometheus",
    "github.com/prometheus/client_golang/prometheus/promhttp",
    "github.com/urfave/cli",
    "google.golang.org/grpc",
    "google.golang.org/grpc/encoding",
  ]
  solver-name = "gps-cdcl"
  solver-version = 1
